
Microsoft Visual Studio Solution File, Format Version 12.00
# Visual Studio Version 17
VisualStudioVersion = 17.8.34525.116
MinimumVisualStudioVersion = 10.0.40219.1
Project("{FAE04EC0-301F-11D3-BF4B-00C04F79EFBC}") = "DriveStorageDashboard", "DriveStorageDashboard\DriveStorageDashboard.csproj", "{EF753486-6F6C-41A4-A450-492CA3D84256}"
EndProject
Global
	GlobalSection(SolutionConfigurationPlatforms) = preSolution
		Debug|Any CPU = Debug|Any CPU
		Release|Any CPU = Release|Any CPU
	EndGlobalSection
	GlobalSection(ProjectConfigurationPlatforms) = postSolution
		{EF753486-6F6C-41A4-A450-492CA3D84256}.Debug|Any CPU.ActiveCfg = Debug|Any CPU
		{EF753486-6F6C-41A4-A450-492CA3D84256}.Debug|Any CPU.Build.0 = Debug|Any CPU
		{EF753486-6F6C-41A4-A450-492CA3D84256}.Release|Any CPU.ActiveCfg = Release|Any CPU
		{EF753486-6F6C-41A4-A450-492CA3D84256}.Release|Any CPU.Build.0 = Release|Any CPU
	EndGlobalSection
	GlobalSection(SolutionProperties) = preSolution
		HideSolutionNode = FALSE
	EndGlobalSection
	GlobalSection(ExtensibilityGlobals) = postSolution
		SolutionGuid = {21AFE1DA-2056-402B-8CE1-BAD36B6C85CC}
	EndGlobalSection
EndGlobal
